
Microsoft Visual Studio Solution File, Format Version 12.00
# Visual Studio Version 16
VisualStudioVersion = 16.0.30804.86
MinimumVisualStudioVersion = 10.0.40219.1
Project("{FAE04EC0-301F-11D3-BF4B-00C04F79EFBC}") = "Lommeregner til aflevering", "Lommeregner til aflevering.csproj", "{C7681B2B-47F5-40E1-AE53-D987BFCE04B1}"
EndProject
Global
	GlobalSection(SolutionConfigurationPlatforms) = preSolution
		Debug|Any CPU = Debug|Any CPU
		Release|Any CPU = Release|Any CPU
	EndGlobalSection
	GlobalSection(ProjectConfigurationPlatforms) = postSolution
		{C7681B2B-47F5-40E1-AE53-D987BFCE04B1}.Debug|Any CPU.ActiveCfg = Debug|Any CPU
		{C7681B2B-47F5-40E1-AE53-D987BFCE04B1}.Debug|Any CPU.Build.0 = Debug|Any CPU
		{C7681B2B-47F5-40E1-AE53-D987BFCE04B1}.Release|Any CPU.ActiveCfg = Release|Any CPU
		{C7681B2B-47F5-40E1-AE53-D987BFCE04B1}.Release|Any CPU.Build.0 = Release|Any CPU
	EndGlobalSection
	GlobalSection(SolutionProperties) = preSolution
		HideSolutionNode = FALSE
	EndGlobalSection
	GlobalSection(ExtensibilityGlobals) = postSolution
		SolutionGuid = {A20281B6-F0AB-4C25-9623-7BA8C2F172A9}
	EndGlobalSection
EndGlobal
